
Microsoft Visual Studio Solution File, Format Version 12.00
# Visual Studio Version 17
VisualStudioVersion = 17.10.35027.167
MinimumVisualStudioVersion = 10.0.40219.1
Project("{FAE04EC0-301F-11D3-BF4B-00C04F79EFBC}") = "StatementPratice2", "StatementPratice2\StatementPratice2.csproj", "{830FD7F8-AD4D-4CB9-9349-AD2FB96A4E97}"
EndProject
Global
	GlobalSection(SolutionConfigurationPlatforms) = preSolution
		Debug|Any CPU = Debug|Any CPU
		Release|Any CPU = Release|Any CPU
	EndGlobalSection
	GlobalSection(ProjectConfigurationPlatforms) = postSolution
		{830FD7F8-AD4D-4CB9-9349-AD2FB96A4E97}.Debug|Any CPU.ActiveCfg = Debug|Any CPU
		{830FD7F8-AD4D-4CB9-9349-AD2FB96A4E97}.Debug|Any CPU.Build.0 = Debug|Any CPU
		{830FD7F8-AD4D-4CB9-9349-AD2FB96A4E97}.Release|Any CPU.ActiveCfg = Release|Any CPU
		{830FD7F8-AD4D-4CB9-9349-AD2FB96A4E97}.Release|Any CPU.Build.0 = Release|Any CPU
	EndGlobalSection
	GlobalSection(SolutionProperties) = preSolution
		HideSolutionNode = FALSE
	EndGlobalSection
	GlobalSection(ExtensibilityGlobals) = postSolution
		SolutionGuid = {5D399AB7-D83B-4505-BF4B-7012E6FB94C6}
	EndGlobalSection
EndGlobal
